
Microsoft Visual Studio Solution File, Format Version 12.00
# Visual Studio Version 17
VisualStudioVersion = 17.1.32328.378
MinimumVisualStudioVersion = 10.0.40219.1
Project("{9A19103F-16F7-4668-BE54-9A1E7A4F7556}") = "Lab_01", "Lab_01\Lab_01.csproj", "{8076B7B2-24C5-4F58-9597-63C12B2F9BF8}"
EndProject
Project("{9A19103F-16F7-4668-BE54-9A1E7A4F7556}") = "Lab_01_Zad.2", "Lab_01_Zad.2\Lab_01_Zad.2.csproj", "{D05CBA73-EC3A-4051-8DDE-55CA9F9D7FC0}"
EndProject
Project("{9A19103F-16F7-4668-BE54-9A1E7A4F7556}") = "Lab_02_FabrykaAbstrakcyjna", "Lab_02_FabrykaAbstrakcyjna\Lab_02_FabrykaAbstrakcyjna.csproj", "{E5F6D445-3D0A-4E95-9659-0C6D8EDFDA77}"
EndProject
Project("{9A19103F-16F7-4668-BE54-9A1E7A4F7556}") = "Lab_02_Adapter", "Lab_02_Adapter\Lab_02_Adapter.csproj", "{B421202A-EFFD-4649-AC07-87F7A75FCDB0}"
EndProject
Project("{9A19103F-16F7-4668-BE54-9A1E7A4F7556}") = "Lab_03_Tic tac toe", "Tic tac toe\Lab_03_Tic tac toe.csproj", "{D3156E4D-E7F4-420F-BC31-457EE1846486}"
EndProject
Project("{9A19103F-16F7-4668-BE54-9A1E7A4F7556}") = "Lab_04_Dekorator", "Lab_04_Dekorator\Lab_04_Dekorator.csproj", "{11D5AE3D-FFFD-47D2-9D59-368B1EBF14D8}"
EndProject
Project("{9A19103F-16F7-4668-BE54-9A1E7A4F7556}") = "Lab_04_Fasada", "Lab_04_Fasada\Lab_04_Fasada.csproj", "{07C2C4FE-81D1-4589-B077-99985522388C}"
EndProject
Project("{9A19103F-16F7-4668-BE54-9A1E7A4F7556}") = "Lab_05_Most", "Lab_05_Most\Lab_05_Most.csproj", "{9BE480B0-93DC-4887-A4D9-354DF7B2C625}"
EndProject
Project("{9A19103F-16F7-4668-BE54-9A1E7A4F7556}") = "Lab_05_Kompozyt", "Lab_05_Kompozyt\Lab_05_Kompozyt.csproj", "{6BA7E815-4C70-4766-B852-EAD5146685E2}"
EndProject
Project("{9A19103F-16F7-4668-BE54-9A1E7A4F7556}") = "Lab_06_Pyłek", "Lab_06_Pyłek\Lab_06_Pyłek.csproj", "{BDBD8EEA-8E8E-4329-AC7E-7AC2888061C2}"
EndProject
Project("{9A19103F-16F7-4668-BE54-9A1E7A4F7556}") = "Lab_06_Pełnomocnik", "Lab_06_Pełnomocnik\Lab_06_Pełnomocnik.csproj", "{281C33F6-9472-4622-87D4-EEB9A81AE684}"
EndProject
Project("{FAE04EC0-301F-11D3-BF4B-00C04F79EFBC}") = "Lab_07_Interpreter", "Lab_07_Interpreter\Lab_07_Interpreter.csproj", "{ADCB3E5D-721D-4783-BF5D-BCC4FB41F1FA}"
EndProject
Project("{FAE04EC0-301F-11D3-BF4B-00C04F79EFBC}") = "Lab_07_Pamiątka", "Lab_07_Pamiątka\Lab_07_Pamiątka.csproj", "{3C61DA62-8241-40A2-A377-4AD9920D9D2E}"
EndProject
Global
	GlobalSection(SolutionConfigurationPlatforms) = preSolution
		Debug|Any CPU = Debug|Any CPU
		Release|Any CPU = Release|Any CPU
	EndGlobalSection
	GlobalSection(ProjectConfigurationPlatforms) = postSolution
		{8076B7B2-24C5-4F58-9597-63C12B2F9BF8}.Debug|Any CPU.ActiveCfg = Debug|Any CPU
		{8076B7B2-24C5-4F58-9597-63C12B2F9BF8}.Debug|Any CPU.Build.0 = Debug|Any CPU
		{8076B7B2-24C5-4F58-9597-63C12B2F9BF8}.Release|Any CPU.ActiveCfg = Release|Any CPU
		{8076B7B2-24C5-4F58-9597-63C12B2F9BF8}.Release|Any CPU.Build.0 = Release|Any CPU
		{D05CBA73-EC3A-4051-8DDE-55CA9F9D7FC0}.Debug|Any CPU.ActiveCfg = Debug|Any CPU
		{D05CBA73-EC3A-4051-8DDE-55CA9F9D7FC0}.Debug|Any CPU.Build.0 = Debug|Any CPU
		{D05CBA73-EC3A-4051-8DDE-55CA9F9D7FC0}.Release|Any CPU.ActiveCfg = Release|Any CPU
		{D05CBA73-EC3A-4051-8DDE-55CA9F9D7FC0}.Release|Any CPU.Build.0 = Release|Any CPU
		{E5F6D445-3D0A-4E95-9659-0C6D8EDFDA77}.Debug|Any CPU.ActiveCfg = Debug|Any CPU
		{E5F6D445-3D0A-4E95-9659-0C6D8EDFDA77}.Debug|Any CPU.Build.0 = Debug|Any CPU
		{E5F6D445-3D0A-4E95-9659-0C6D8EDFDA77}.Release|Any CPU.ActiveCfg = Release|Any CPU
		{E5F6D445-3D0A-4E95-9659-0C6D8EDFDA77}.Release|Any CPU.Build.0 = Release|Any CPU
		{B421202A-EFFD-4649-AC07-87F7A75FCDB0}.Debug|Any CPU.ActiveCfg = Debug|Any CPU
		{B421202A-EFFD-4649-AC07-87F7A75FCDB0}.Debug|Any CPU.Build.0 = Debug|Any CPU
		{B421202A-EFFD-4649-AC07-87F7A75FCDB0}.Release|Any CPU.ActiveCfg = Release|Any CPU
		{B421202A-EFFD-4649-AC07-87F7A75FCDB0}.Release|Any CPU.Build.0 = Release|Any CPU
		{D3156E4D-E7F4-420F-BC31-457EE1846486}.Debug|Any CPU.ActiveCfg = Debug|Any CPU
		{D3156E4D-E7F4-420F-BC31-457EE1846486}.Debug|Any CPU.Build.0 = Debug|Any CPU
		{D3156E4D-E7F4-420F-BC31-457EE1846486}.Release|Any CPU.ActiveCfg = Release|Any CPU
		{D3156E4D-E7F4-420F-BC31-457EE1846486}.Release|Any CPU.Build.0 = Release|Any CPU
		{11D5AE3D-FFFD-47D2-9D59-368B1EBF14D8}.Debug|Any CPU.ActiveCfg = Debug|Any CPU
		{11D5AE3D-FFFD-47D2-9D59-368B1EBF14D8}.Debug|Any CPU.Build.0 = Debug|Any CPU
		{11D5AE3D-FFFD-47D2-9D59-368B1EBF14D8}.Release|Any CPU.ActiveCfg = Release|Any CPU
		{11D5AE3D-FFFD-47D2-9D59-368B1EBF14D8}.Release|Any CPU.Build.0 = Release|Any CPU
		{07C2C4FE-81D1-4589-B077-99985522388C}.Debug|Any CPU.ActiveCfg = Debug|Any CPU
		{07C2C4FE-81D1-4589-B077-99985522388C}.Debug|Any CPU.Build.0 = Debug|Any CPU
		{07C2C4FE-81D1-4589-B077-99985522388C}.Release|Any CPU.ActiveCfg = Release|Any CPU
		{07C2C4FE-81D1-4589-B077-99985522388C}.Release|Any CPU.Build.0 = Release|Any CPU
		{9BE480B0-93DC-4887-A4D9-354DF7B2C625}.Debug|Any CPU.ActiveCfg = Debug|Any CPU
		{9BE480B0-93DC-4887-A4D9-354DF7B2C625}.Debug|Any CPU.Build.0 = Debug|Any CPU
		{9BE480B0-93DC-4887-A4D9-354DF7B2C625}.Release|Any CPU.ActiveCfg = Release|Any CPU
		{9BE480B0-93DC-4887-A4D9-354DF7B2C625}.Release|Any CPU.Build.0 = Release|Any CPU
		{6BA7E815-4C70-4766-B852-EAD5146685E2}.Debug|Any CPU.ActiveCfg = Debug|Any CPU
		{6BA7E815-4C70-4766-B852-EAD5146685E2}.Debug|Any CPU.Build.0 = Debug|Any CPU
		{6BA7E815-4C70-4766-B852-EAD5146685E2}.Release|Any CPU.ActiveCfg = Release|Any CPU
		{6BA7E815-4C70-4766-B852-EAD5146685E2}.Release|Any CPU.Build.0 = Release|Any CPU
		{BDBD8EEA-8E8E-4329-AC7E-7AC2888061C2}.Debug|Any CPU.ActiveCfg = Debug|Any CPU
		{BDBD8EEA-8E8E-4329-AC7E-7AC2888061C2}.Debug|Any CPU.Build.0 = Debug|Any CPU
		{BDBD8EEA-8E8E-4329-AC7E-7AC2888061C2}.Release|Any CPU.ActiveCfg = Release|Any CPU
		{BDBD8EEA-8E8E-4329-AC7E-7AC2888061C2}.Release|Any CPU.Build.0 = Release|Any CPU
		{281C33F6-9472-4622-87D4-EEB9A81AE684}.Debug|Any CPU.ActiveCfg = Debug|Any CPU
		{281C33F6-9472-4622-87D4-EEB9A81AE684}.Debug|Any CPU.Build.0 = Debug|Any CPU
		{281C33F6-9472-4622-87D4-EEB9A81AE684}.Release|Any CPU.ActiveCfg = Release|Any CPU
		{281C33F6-9472-4622-87D4-EEB9A81AE684}.Release|Any CPU.Build.0 = Release|Any CPU
		{ADCB3E5D-721D-4783-BF5D-BCC4FB41F1FA}.Debug|Any CPU.ActiveCfg = Debug|Any CPU
		{ADCB3E5D-721D-4783-BF5D-BCC4FB41F1FA}.Debug|Any CPU.Build.0 = Debug|Any CPU
		{ADCB3E5D-721D-4783-BF5D-BCC4FB41F1FA}.Release|Any CPU.ActiveCfg = Release|Any CPU
		{ADCB3E5D-721D-4783-BF5D-BCC4FB41F1FA}.Release|Any CPU.Build.0 = Release|Any CPU
		{3C61DA62-8241-40A2-A377-4AD9920D9D2E}.Debug|Any CPU.ActiveCfg = Debug|Any CPU
		{3C61DA62-8241-40A2-A377-4AD9920D9D2E}.Debug|Any CPU.Build.0 = Debug|Any CPU
		{3C61DA62-8241-40A2-A377-4AD9920D9D2E}.Release|Any CPU.ActiveCfg = Release|Any CPU
		{3C61DA62-8241-40A2-A377-4AD9920D9D2E}.Release|Any CPU.Build.0 = Release|Any CPU
	EndGlobalSection
	GlobalSection(SolutionProperties) = preSolution
		HideSolutionNode = FALSE
	EndGlobalSection
	GlobalSection(ExtensibilityGlobals) = postSolution
		SolutionGuid = {837C6FC7-B164-465A-84D8-9699D6F64900}
	EndGlobalSection
EndGlobal
